// !$*UTF8*$!
{
	archiveVersion = 1;
	classes = {
	};
	objectVersion = 50;
	objects = {

/* Begin PBXBuildFile section */
		5950ED9D216D285E00AB77EB /* AppDelegate.swift in Sources */ = {isa = PBXBuildFile; fileRef = 5950ED9C216D285E00AB77EB /* AppDelegate.swift */; };
		5950ED9F216D285E00AB77EB /* ViewController.swift in Sources */ = {isa = PBXBuildFile; fileRef = 5950ED9E216D285E00AB77EB /* ViewController.swift */; };
		5950EDA2216D285E00AB77EB /* Main.storyboard in Resources */ = {isa = PBXBuildFile; fileRef = 5950EDA0216D285E00AB77EB /* Main.storyboard */; };
		5950EDA4216D286000AB77EB /* Assets.xcassets in Resources */ = {isa = PBXBuildFile; fileRef = 5950EDA3216D286000AB77EB /* Assets.xcassets */; };
		5950EDA7216D286000AB77EB /* LaunchScreen.storyboard in Resources */ = {isa = PBXBuildFile; fileRef = 5950EDA5216D286000AB77EB /* LaunchScreen.storyboard */; };
		5950EDB2216D286000AB77EB /* SetGameTests.swift in Sources */ = {isa = PBXBuildFile; fileRef = 5950EDB1216D286000AB77EB /* SetGameTests.swift */; };
		5950EDBD216D286000AB77EB /* SetGameUITests.swift in Sources */ = {isa = PBXBuildFile; fileRef = 5950EDBC216D286000AB77EB /* SetGameUITests.swift */; };
/* End PBXBuildFile section */

/* Begin PBXContainerItemProxy section */
		5950EDAE216D286000AB77EB /* PBXContainerItemProxy */ = {
			isa = PBXContainerItemProxy;
			containerPortal = 5950ED91216D285D00AB77EB /* Project object */;
			proxyType = 1;
			remoteGlobalIDString = 5950ED98216D285D00AB77EB;
			remoteInfo = SetGame;
		};
		5950EDB9216D286000AB77EB /* PBXContainerItemProxy */ = {
			isa = PBXContainerItemProxy;
			containerPortal = 5950ED91216D285D00AB77EB /* Project object */;
			proxyType = 1;
			remoteGlobalIDString = 5950ED98216D285D00AB77EB;
			remoteInfo = SetGame;
		};
/* End PBXContainerItemProxy section */

/* Begin PBXFileReference section */
		5950ED99216D285D00AB77EB /* SetGame.app */ = {isa = PBXFileReference; explicitFileType = wrapper.application; includeInIndex = 0; path = SetGame.app; sourceTree = BUILT_PRODUCTS_DIR; };
		5950ED9C216D285E00AB77EB /* AppDelegate.swift */ = {isa = PBXFileReference; lastKnownFileType = sourcecode.swift; path = AppDelegate.swift; sourceTree = "<group>"; };
		5950ED9E216D285E00AB77EB /* ViewController.swift */ = {isa = PBXFileReference; lastKnownFileType = sourcecode.swift; path = ViewController.swift; sourceTree = "<group>"; };
		5950EDA1216D285E00AB77EB /* Base */ = {isa = PBXFileReference; lastKnownFileType = file.storyboard; name = Base; path = Base.lproj/Main.storyboard; sourceTree = "<group>"; };
		5950EDA3216D286000AB77EB /* Assets.xcassets */ = {isa = PBXFileReference; lastKnownFileType = folder.assetcatalog; path = Assets.xcassets; sourceTree = "<group>"; };
		5950EDA6216D286000AB77EB /* Base */ = {isa = PBXFileReference; lastKnownFileType = file.storyboard; name = Base; path = Base.lproj/LaunchScreen.storyboard; sourceTree = "<group>"; };
		5950EDA8216D286000AB77EB /* Info.plist */ = {isa = PBXFileReference; lastKnownFileType = text.plist.xml; path = Info.plist; sourceTree = "<group>"; };
		5950EDAD216D286000AB77EB /* SetGameTests.xctest */ = {isa = PBXFileReference; explicitFileType = wrapper.cfbundle; includeInIndex = 0; path = SetGameTests.xctest; sourceTree = BUILT_PRODUCTS_DIR; };
		5950EDB1216D286000AB77EB /* SetGameTests.swift */ = {isa = PBXFileReference; lastKnownFileType = sourcecode.swift; path = SetGameTests.swift; sourceTree = "<group>"; };
		5950EDB3216D286000AB77EB /* Info.plist */ = {isa = PBXFileReference; lastKnownFileType = text.plist.xml; path = Info.plist; sourceTree = "<group>"; };
		5950EDB8216D286000AB77EB /* SetGameUITests.xctest */ = {isa = PBXFileReference; explicitFileType = wrapper.cfbundle; includeInIndex = 0; path = SetGameUITests.xctest; sourceTree = BUILT_PRODUCTS_DIR; };
		5950EDBC216D286000AB77EB /* SetGameUITests.swift */ = {isa = PBXFileReference; lastKnownFileType = sourcecode.swift; path = SetGameUITests.swift; sourceTree = "<group>"; };
		5950EDBE216D286000AB77EB /* Info.plist */ = {isa = PBXFileReference; lastKnownFileType = text.plist.xml; path = Info.plist; sourceTree = "<group>"; };
/* End PBXFileReference section */

/* Begin PBXFrameworksBuildPhase section */
		5950ED96216D285D00AB77EB /* Frameworks */ = {
			isa = PBXFrameworksBuildPhase;
			buildActionMask = 2147483647;
			files = (
			);
			runOnlyForDeploymentPostprocessing = 0;
		};
		5950EDAA216D286000AB77EB /* Frameworks */ = {
			isa = PBXFrameworksBuildPhase;
			buildActionMask = 2147483647;
			files = (
			);
			runOnlyForDeploymentPostprocessing = 0;
		};
		5950EDB5216D286000AB77EB /* Frameworks */ = {
			isa = PBXFrameworksBuildPhase;
			buildActionMask = 2147483647;
			files = (
			);
			runOnlyForDeploymentPostprocessing = 0;
		};
/* End PBXFrameworksBuildPhase section */

/* Begin PBXGroup section */
		5950ED90216D285D00AB77EB = {
			isa = PBXGroup;
			children = (
				5950ED9B216D285D00AB77EB /* SetGame */,
				5950EDB0216D286000AB77EB /* SetGameTests */,
				5950EDBB216D286000AB77EB /* SetGameUITests */,
				5950ED9A216D285D00AB77EB /* Products */,
			);
			sourceTree = "<group>";
		};
		5950ED9A216D285D00AB77EB /* Products */ = {
			isa = PBXGroup;
			children = (
				5950ED99216D285D00AB77EB /* SetGame.app */,
				5950EDAD216D286000AB77EB /* SetGameTests.xctest */,
				5950EDB8216D286000AB77EB /* SetGameUITests.xctest */,
			);
			name = Products;
			sourceTree = "<group>";
		};
		5950ED9B216D285D00AB77EB /* SetGame */ = {
			isa = PBXGroup;
			children = (
				5950ED9C216D285E00AB77EB /* AppDelegate.swift */,
				5950ED9E216D285E00AB77EB /* ViewController.swift */,
				5950EDA0216D285E00AB77EB /* Main.storyboard */,
				5950EDA3216D286000AB77EB /* Assets.xcassets */,
				5950EDA5216D286000AB77EB /* LaunchScreen.storyboard */,
				5950EDA8216D286000AB77EB /* Info.plist */,
			);
			path = SetGame;
			sourceTree = "<group>";
		};
		5950EDB0216D286000AB77EB /* SetGameTests */ = {
			isa = PBXGroup;
			children = (
				5950EDB1216D286000AB77EB /* SetGameTests.swift */,
				5950EDB3216D286000AB77EB /* Info.plist */,
			);
			path = SetGameTests;
			sourceTree = "<group>";
		};
		5950EDBB216D286000AB77EB /* SetGameUITests */ = {
			isa = PBXGroup;
			children = (
				5950EDBC216D286000AB77EB /* SetGameUITests.swift */,
				5950EDBE216D286000AB77EB /* Info.plist */,
			);
			path = SetGameUITests;
			sourceTree = "<group>";
		};
/* End PBXGroup section */

/* Begin PBXNativeTarget section */
		5950ED98216D285D00AB77EB /* SetGame */ = {
			isa = PBXNativeTarget;
			buildConfigurationList = 5950EDC1216D286000AB77EB /* Build configuration list for PBXNativeTarget "SetGame" */;
			buildPhases = (
				5950ED95216D285D00AB77EB /* Sources */,
				5950ED96216D285D00AB77EB /* Frameworks */,
				5950ED97216D285D00AB77EB /* Resources */,
			);
			buildRules = (
			);
			dependencies = (
			);
			name = SetGame;
			productName = SetGame;
			productReference = 5950ED99216D285D00AB77EB /* SetGame.app */;
			productType = "com.apple.product-type.application";
		};
		5950EDAC216D286000AB77EB /* SetGameTests */ = {
			isa = PBXNativeTarget;
			buildConfigurationList = 5950EDC4216D286000AB77EB /* Build configuration list for PBXNativeTarget "SetGameTests" */;
			buildPhases = (
				5950EDA9216D286000AB77EB /* Sources */,
				5950EDAA216D286000AB77EB /* Frameworks */,
				5950EDAB216D286000AB77EB /* Resources */,
			);
			buildRules = (
			);
			dependencies = (
				5950EDAF216D286000AB77EB /* PBXTargetDependency */,
			);
			name = SetGameTests;
			productName = SetGameTests;
			productReference = 5950EDAD216D286000AB77EB /* SetGameTests.xctest */;
			productType = "com.apple.product-type.bundle.unit-test";
		};
		5950EDB7216D286000AB77EB /* SetGameUITests */ = {
			isa = PBXNativeTarget;
			buildConfigurationList = 5950EDC7216D286000AB77EB /* Build configuration list for PBXNativeTarget "SetGameUITests" */;
			buildPhases = (
				5950EDB4216D286000AB77EB /* Sources */,
				5950EDB5216D286000AB77EB /* Frameworks */,
				5950EDB6216D286000AB77EB /* Resources */,
			);
			buildRules = (
			);
			dependencies = (
				5950EDBA216D286000AB77EB /* PBXTargetDependency */,
			);
			name = SetGameUITests;
			productName = SetGameUITests;
			productReference = 5950EDB8216D286000AB77EB /* SetGameUITests.xctest */;
			productType = "com.apple.product-type.bundle.ui-testing";
		};
/* End PBXNativeTarget section */

/* Begin PBXProject section */
		5950ED91216D285D00AB77EB /* Project object */ = {
			isa = PBXProject;
			attributes = {
				LastSwiftUpdateCheck = 0940;
				LastUpgradeCheck = 0940;
				ORGANIZATIONNAME = "Maurice B";
				TargetAttributes = {
					5950ED98216D285D00AB77EB = {
						CreatedOnToolsVersion = 9.4.1;
					};
					5950EDAC216D286000AB77EB = {
						CreatedOnToolsVersion = 9.4.1;
						TestTargetID = 5950ED98216D285D00AB77EB;
					};
					5950EDB7216D286000AB77EB = {
						CreatedOnToolsVersion = 9.4.1;
						TestTargetID = 5950ED98216D285D00AB77EB;
					};
				};
			};
			buildConfigurationList = 5950ED94216D285D00AB77EB /* Build configuration list for PBXProject "SetGame" */;
			compatibilityVersion = "Xcode 9.3";
			developmentRegion = en;
			hasScannedForEncodings = 0;
			knownRegions = (
				en,
				Base,
			);
			mainGroup = 5950ED90216D285D00AB77EB;
			productRefGroup = 5950ED9A216D285D00AB77EB /* Products */;
			projectDirPath = "";
			projectRoot = "";
			targets = (
				5950ED98216D285D00AB77EB /* SetGame */,
				5950EDAC216D286000AB77EB /* SetGameTests */,
				5950EDB7216D286000AB77EB /* SetGameUITests */,
			);
		};
/* End PBXProject section */

/* Begin PBXResourcesBuildPhase section */
		5950ED97216D285D00AB77EB /* Resources */ = {
			isa = PBXResourcesBuildPhase;
			buildActionMask = 2147483647;
			files = (
				5950EDA7216D286000AB77EB /* LaunchScreen.storyboard in Resources */,
				5950EDA4216D286000AB77EB /* Assets.xcassets in Resources */,
				5950EDA2216D285E00AB77EB /* Main.storyboard in Resources */,
			);
			runOnlyForDeploymentPostprocessing = 0;
		};
		5950EDAB216D286000AB77EB /* Resources */ = {
			isa = PBXResourcesBuildPhase;
			buildActionMask = 2147483647;
			files = (
			);
			runOnlyForDeploymentPostprocessing = 0;
		};
		5950EDB6216D286000AB77EB /* Resources */ = {
			isa = PBXResourcesBuildPhase;
			buildActionMask = 2147483647;
			files = (
			);
			runOnlyForDeploymentPostprocessing = 0;
		};
/* End PBXResourcesBuildPhase section */

/* Begin PBXSourcesBuildPhase section */
		5950ED95216D285D00AB77EB /* Sources */ = {
			isa = PBXSourcesBuildPhase;
			buildActionMask = 2147483647;
			files = (
				5950ED9F216D285E00AB77EB /* ViewController.swift in Sources */,
				5950ED9D216D285E00AB77EB /* AppDelegate.swift in Sources */,
			);
			runOnlyForDeploymentPostprocessing = 0;
		};
		5950EDA9216D286000AB77EB /* Sources */ = {
			isa = PBXSourcesBuildPhase;
			buildActionMask = 2147483647;
			files = (
				5950EDB2216D286000AB77EB /* SetGameTests.swift in Sources */,
			);
			runOnlyForDeploymentPostprocessing = 0;
		};
		5950EDB4216D286000AB77EB /* Sources */ = {
			isa = PBXSourcesBuildPhase;
			buildActionMask = 2147483647;
			files = (
				5950EDBD216D286000AB77EB /* SetGameUITests.swift in Sources */,
			);
			runOnlyForDeploymentPostprocessing = 0;
		};
/* End PBXSourcesBuildPhase section */

/* Begin PBXTargetDependency section */
		5950EDAF216D286000AB77EB /* PBXTargetDependency */ = {
			isa = PBXTargetDependency;
			target = 5950ED98216D285D00AB77EB /* SetGame */;
			targetProxy = 5950EDAE216D286000AB77EB /* PBXContainerItemProxy */;
		};
		5950EDBA216D286000AB77EB /* PBXTargetDependency */ = {
			isa = PBXTargetDependency;
			target = 5950ED98216D285D00AB77EB /* SetGame */;
			targetProxy = 5950EDB9216D286000AB77EB /* PBXContainerItemProxy */;
		};
/* End PBXTargetDependency section */

/* Begin PBXVariantGroup section */
		5950EDA0216D285E00AB77EB /* Main.storyboard */ = {
			isa = PBXVariantGroup;
			children = (
				5950EDA1216D285E00AB77EB /* Base */,
			);
			name = Main.storyboard;
			sourceTree = "<group>";
		};
		5950EDA5216D286000AB77EB /* LaunchScreen.storyboard */ = {
			isa = PBXVariantGroup;
			children = (
				5950EDA6216D286000AB77EB /* Base */,
			);
			name = LaunchScreen.storyboard;
			sourceTree = "<group>";
		};
/* End PBXVariantGroup section */

/* Begin XCBuildConfiguration section */
		5950EDBF216D286000AB77EB /* Debug */ = {
			isa = XCBuildConfiguration;
			buildSettings = {
				ALWAYS_SEARCH_USER_PATHS = NO;
				CLANG_ANALYZER_NONNULL = YES;
				CLANG_ANALYZER_NUMBER_OBJECT_CONVERSION = YES_AGGRESSIVE;
				CLANG_CXX_LANGUAGE_STANDARD = "gnu++14";
				CLANG_CXX_LIBRARY = "libc++";
				CLANG_ENABLE_MODULES = YES;
				CLANG_ENABLE_OBJC_ARC = YES;
				CLANG_ENABLE_OBJC_WEAK = YES;
				CLANG_WARN_BLOCK_CAPTURE_AUTORELEASING = YES;
				CLANG_WARN_BOOL_CONVERSION = YES;
				CLANG_WARN_COMMA = YES;
				CLANG_WARN_CONSTANT_CONVERSION = YES;
				CLANG_WARN_DEPRECATED_OBJC_IMPLEMENTATIONS = YES;
				CLANG_WARN_DIRECT_OBJC_ISA_USAGE = YES_ERROR;
				CLANG_WARN_DOCUMENTATION_COMMENTS = YES;
				CLANG_WARN_EMPTY_BODY = YES;
				CLANG_WARN_ENUM_CONVERSION = YES;
				CLANG_WARN_INFINITE_RECURSION = YES;
				CLANG_WARN_INT_CONVERSION = YES;
				CLANG_WARN_NON_LITERAL_NULL_CONVERSION = YES;
				CLANG_WARN_OBJC_IMPLICIT_RETAIN_SELF = YES;
				CLANG_WARN_OBJC_LITERAL_CONVERSION = YES;
				CLANG_WARN_OBJC_ROOT_CLASS = YES_ERROR;
				CLANG_WARN_RANGE_LOOP_ANALYSIS = YES;
				CLANG_WARN_STRICT_PROTOTYPES = YES;
				CLANG_WARN_SUSPICIOUS_MOVE = YES;
				CLANG_WARN_UNGUARDED_AVAILABILITY = YES_AGGRESSIVE;
				CLANG_WARN_UNREACHABLE_CODE = YES;
				CLANG_WARN__DUPLICATE_METHOD_MATCH = YES;
				CODE_SIGN_IDENTITY = "iPhone Developer";
				COPY_PHASE_STRIP = NO;
				DEBUG_INFORMATION_FORMAT = dwarf;
				ENABLE_STRICT_OBJC_MSGSEND = YES;
				ENABLE_TESTABILITY = YES;
				GCC_C_LANGUAGE_STANDARD = gnu11;
				GCC_DYNAMIC_NO_PIC = NO;
				GCC_NO_COMMON_BLOCKS = YES;
				GCC_OPTIMIZATION_LEVEL = 0;
				GCC_PREPROCESSOR_DEFINITIONS = (
					"DEBUG=1",
					"$(inherited)",
				);
				GCC_WARN_64_TO_32_BIT_CONVERSION = YES;
				GCC_WARN_ABOUT_RETURN_TYPE = YES_ERROR;
				GCC_WARN_UNDECLARED_SELECTOR = YES;
				GCC_WARN_UNINITIALIZED_AUTOS = YES_AGGRESSIVE;
				GCC_WARN_UNUSED_FUNCTION = YES;
				GCC_WARN_UNUSED_VARIABLE = YES;
				IPHONEOS_DEPLOYMENT_TARGET = 11.4;
				MTL_ENABLE_DEBUG_INFO = YES;
				ONLY_ACTIVE_ARCH = YES;
				SDKROOT = iphoneos;
				SWIFT_ACTIVE_COMPILATION_CONDITIONS = DEBUG;
				SWIFT_OPTIMIZATION_LEVEL = "-Onone";
			};
			name = Debug;
		};
		5950EDC0216D286000AB77EB /* Release */ = {
			isa = XCBuildConfiguration;
			buildSettings = {
				ALWAYS_SEARCH_USER_PATHS = NO;
				CLANG_ANALYZER_NONNULL = YES;
				CLANG_ANALYZER_NUMBER_OBJECT_CONVERSION = YES_AGGRESSIVE;
				CLANG_CXX_LANGUAGE_STANDARD = "gnu++14";
				CLANG_CXX_LIBRARY = "libc++";
				CLANG_ENABLE_MODULES = YES;
				CLANG_ENABLE_OBJC_ARC = YES;
				CLANG_ENABLE_OBJC_WEAK = YES;
				CLANG_WARN_BLOCK_CAPTURE_AUTORELEASING = YES;
				CLANG_WARN_BOOL_CONVERSION = YES;
				CLANG_WARN_COMMA = YES;
				CLANG_WARN_CONSTANT_CONVERSION = YES;
				CLANG_WARN_DEPRECATED_OBJC_IMPLEMENTATIONS = YES;
				CLANG_WARN_DIRECT_OBJC_ISA_USAGE = YES_ERROR;
				CLANG_WARN_DOCUMENTATION_COMMENTS = YES;
				CLANG_WARN_EMPTY_BODY = YES;
				CLANG_WARN_ENUM_CONVERSION = YES;
				CLANG_WARN_INFINITE_RECURSION = YES;
				CLANG_WARN_INT_CONVERSION = YES;
				CLANG_WARN_NON_LITERAL_NULL_CONVERSION = YES;
				CLANG_WARN_OBJC_IMPLICIT_RETAIN_SELF = YES;
				CLANG_WARN_OBJC_LITERAL_CONVERSION = YES;
				CLANG_WARN_OBJC_ROOT_CLASS = YES_ERROR;
				CLANG_WARN_RANGE_LOOP_ANALYSIS = YES;
				CLANG_WARN_STRICT_PROTOTYPES = YES;
				CLANG_WARN_SUSPICIOUS_MOVE = YES;
				CLANG_WARN_UNGUARDED_AVAILABILITY = YES_AGGRESSIVE;
				CLANG_WARN_UNREACHABLE_CODE = YES;
				CLANG_WARN__DUPLICATE_METHOD_MATCH = YES;
				CODE_SIGN_IDENTITY = "iPhone Developer";
				COPY_PHASE_STRIP = NO;
				DEBUG_INFORMATION_FORMAT = "dwarf-with-dsym";
				ENABLE_NS_ASSERTIONS = NO;
				ENABLE_STRICT_OBJC_MSGSEND = YES;
				GCC_C_LANGUAGE_STANDARD = gnu11;
				GCC_NO_COMMON_BLOCKS = YES;
				GCC_WARN_64_TO_32_BIT_CONVERSION = YES;
				GCC_WARN_ABOUT_RETURN_TYPE = YES_ERROR;
				GCC_WARN_UNDECLARED_SELECTOR = YES;
				GCC_WARN_UNINITIALIZED_AUTOS = YES_AGGRESSIVE;
				GCC_WARN_UNUSED_FUNCTION = YES;
				GCC_WARN_UNUSED_VARIABLE = YES;
				IPHONEOS_DEPLOYMENT_TARGET = 11.4;
				MTL_ENABLE_DEBUG_INFO = NO;
				SDKROOT = iphoneos;
				SWIFT_COMPILATION_MODE = wholemodule;
				SWIFT_OPTIMIZATION_LEVEL = "-O";
				VALIDATE_PRODUCT = YES;
			};
			name = Release;
		};
		5950EDC2216D286000AB77EB /* Debug */ = {
			isa = XCBuildConfiguration;
			buildSettings = {
				ASSETCATALOG_COMPILER_APPICON_NAME = AppIcon;
				CODE_SIGN_STYLE = Automatic;
				DEVELOPMENT_TEAM = 2629DWC9KS;
				INFOPLIST_FILE = SetGame/Info.plist;
				LD_RUNPATH_SEARCH_PATHS = (
					"$(inherited)",
					"@executable_path/Frameworks",
				);
				PRODUCT_BUNDLE_IDENTIFIER = com.maurice.cmp430.SetGame;
				PRODUCT_NAME = "$(TARGET_NAME)";
				SWIFT_VERSION = 4.0;
				TARGETED_DEVICE_FAMILY = "1,2";
			};
			name = Debug;
		};
		5950EDC3216D286000AB77EB /* Release */ = {
			isa = XCBuildConfiguration;
			buildSettings = {
				ASSETCATALOG_COMPILER_APPICON_NAME = AppIcon;
				CODE_SIGN_STYLE = Automatic;
				DEVELOPMENT_TEAM = 2629DWC9KS;
				INFOPLIST_FILE = SetGame/Info.plist;
				LD_RUNPATH_SEARCH_PATHS = (
					"$(inherited)",
					"@executable_path/Frameworks",
				);
				PRODUCT_BUNDLE_IDENTIFIER = com.maurice.cmp430.SetGame;
				PRODUCT_NAME = "$(TARGET_NAME)";
				SWIFT_VERSION = 4.0;
				TARGETED_DEVICE_FAMILY = "1,2";
			};
			name = Release;
		};
		5950EDC5216D286000AB77EB /* Debug */ = {
			isa = XCBuildConfiguration;
			buildSettings = {
				ALWAYS_EMBED_SWIFT_STANDARD_LIBRARIES = YES;
				BUNDLE_LOADER = "$(TEST_HOST)";
				CODE_SIGN_STYLE = Automatic;
				DEVELOPMENT_TEAM = 2629DWC9KS;
				INFOPLIST_FILE = SetGameTests/Info.plist;
				LD_RUNPATH_SEARCH_PATHS = (
					"$(inherited)",
					"@executable_path/Frameworks",
					"@loader_path/Frameworks",
				);
				PRODUCT_BUNDLE_IDENTIFIER = com.maurice.cmp430.SetGameTests;
				PRODUCT_NAME = "$(TARGET_NAME)";
				SWIFT_VERSION = 4.0;
				TARGETED_DEVICE_FAMILY = "1,2";
				TEST_HOST = "$(BUILT_PRODUCTS_DIR)/SetGame.app/SetGame";
			};
			name = Debug;
		};
		5950EDC6216D286000AB77EB /* Release */ = {
			isa = XCBuildConfiguration;
			buildSettings = {
				ALWAYS_EMBED_SWIFT_STANDARD_LIBRARIES = YES;
				BUNDLE_LOADER = "$(TEST_HOST)";
				CODE_SIGN_STYLE = Automatic;
				DEVELOPMENT_TEAM = 2629DWC9KS;
				INFOPLIST_FILE = SetGameTests/Info.plist;
				LD_RUNPATH_SEARCH_PATHS = (
					"$(inherited)",
					"@executable_path/Frameworks",
					"@loader_path/Frameworks",
				);
				PRODUCT_BUNDLE_IDENTIFIER = com.maurice.cmp430.SetGameTests;
				PRODUCT_NAME = "$(TARGET_NAME)";
				SWIFT_VERSION = 4.0;
				TARGETED_DEVICE_FAMILY = "1,2";
				TEST_HOST = "$(BUILT_PRODUCTS_DIR)/SetGame.app/SetGame";
			};
			name = Release;
		};
		5950EDC8216D286000AB77EB /* Debug */ = {
			isa = XCBuildConfiguration;
			buildSettings = {
				ALWAYS_EMBED_SWIFT_STANDARD_LIBRARIES = YES;
				CODE_SIGN_STYLE = Automatic;
				DEVELOPMENT_TEAM = 2629DWC9KS;
				INFOPLIST_FILE = SetGameUITests/Info.plist;
				LD_RUNPATH_SEARCH_PATHS = (
					"$(inherited)",
					"@executable_path/Frameworks",
					"@loader_path/Frameworks",
				);
				PRODUCT_BUNDLE_IDENTIFIER = com.maurice.cmp430.SetGameUITests;
				PRODUCT_NAME = "$(TARGET_NAME)";
				SWIFT_VERSION = 4.0;
				TARGETED_DEVICE_FAMILY = "1,2";
				TEST_TARGET_NAME = SetGame;
			};
			name = Debug;
		};
		5950EDC9216D286000AB77EB /* Release */ = {
			isa = XCBuildConfiguration;
			buildSettings = {
				ALWAYS_EMBED_SWIFT_STANDARD_LIBRARIES = YES;
				CODE_SIGN_STYLE = Automatic;
				DEVELOPMENT_TEAM = 2629DWC9KS;
				INFOPLIST_FILE = SetGameUITests/Info.plist;
				LD_RUNPATH_SEARCH_PATHS = (
					"$(inherited)",
					"@executable_path/Frameworks",
					"@loader_path/Frameworks",
				);
				PRODUCT_BUNDLE_IDENTIFIER = com.maurice.cmp430.SetGameUITests;
				PRODUCT_NAME = "$(TARGET_NAME)";
				SWIFT_VERSION = 4.0;
				TARGETED_DEVICE_FAMILY = "1,2";
				TEST_TARGET_NAME = SetGame;
			};
			name = Release;
		};
/* End XCBuildConfiguration section */

/* Begin XCConfigurationList section */
		5950ED94216D285D00AB77EB /* Build configuration list for PBXProject "SetGame" */ = {
			isa = XCConfigurationList;
			buildConfigurations = (
				5950EDBF216D286000AB77EB /* Debug */,
				5950EDC0216D286000AB77EB /* Release */,
			);
			defaultConfigurationIsVisible = 0;
			defaultConfigurationName = Release;
		};
		5950EDC1216D286000AB77EB /* Build configuration list for PBXNativeTarget "SetGame" */ = {
			isa = XCConfigurationList;
			buildConfigurations = (
				5950EDC2216D286000AB77EB /* Debug */,
				5950EDC3216D286000AB77EB /* Release */,
			);
			defaultConfigurationIsVisible = 0;
			defaultConfigurationName = Release;
		};
		5950EDC4216D286000AB77EB /* Build configuration list for PBXNativeTarget "SetGameTests" */ = {
			isa = XCConfigurationList;
			buildConfigurations = (
				5950EDC5216D286000AB77EB /* Debug */,
				5950EDC6216D286000AB77EB /* Release */,
			);
			defaultConfigurationIsVisible = 0;
			defaultConfigurationName = Release;
		};
		5950EDC7216D286000AB77EB /* Build configuration list for PBXNativeTarget "SetGameUITests" */ = {
			isa = XCConfigurationList;
			buildConfigurations = (
				5950EDC8216D286000AB77EB /* Debug */,
				5950EDC9216D286000AB77EB /* Release */,
			);
			defaultConfigurationIsVisible = 0;
			defaultConfigurationName = Release;
		};
/* End XCConfigurationList section */
	};
	rootObject = 5950ED91216D285D00AB77EB /* Project object */;
}
